
Microsoft Visual Studio Solution File, Format Version 12.00
# Visual Studio Version 16
VisualStudioVersion = 16.0.29613.14
MinimumVisualStudioVersion = 10.0.40219.1
Project("{9A19103F-16F7-4668-BE54-9A1E7A4F7556}") = "TeamworkAPI.Core", "TeamworkAPI.Core\TeamworkAPI.Core.csproj", "{B08EBB75-D014-43E7-85E9-487C7D534A26}"
EndProject
Project("{FAE04EC0-301F-11D3-BF4B-00C04F79EFBC}") = "TeamworkAPI.Test", "TeamworkAPI.Test\TeamworkAPI.Test.csproj", "{41924B16-BF5A-46BF-B58A-C52CBE1591B9}"
EndProject
Global
	GlobalSection(SolutionConfigurationPlatforms) = preSolution
		Debug|Any CPU = Debug|Any CPU
		Release|Any CPU = Release|Any CPU
	EndGlobalSection
	GlobalSection(ProjectConfigurationPlatforms) = postSolution
		{B08EBB75-D014-43E7-85E9-487C7D534A26}.Debug|Any CPU.ActiveCfg = Debug|Any CPU
		{B08EBB75-D014-43E7-85E9-487C7D534A26}.Debug|Any CPU.Build.0 = Debug|Any CPU
		{B08EBB75-D014-43E7-85E9-487C7D534A26}.Release|Any CPU.ActiveCfg = Release|Any CPU
		{B08EBB75-D014-43E7-85E9-487C7D534A26}.Release|Any CPU.Build.0 = Release|Any CPU
		{41924B16-BF5A-46BF-B58A-C52CBE1591B9}.Debug|Any CPU.ActiveCfg = Debug|Any CPU
		{41924B16-BF5A-46BF-B58A-C52CBE1591B9}.Debug|Any CPU.Build.0 = Debug|Any CPU
		{41924B16-BF5A-46BF-B58A-C52CBE1591B9}.Release|Any CPU.ActiveCfg = Release|Any CPU
		{41924B16-BF5A-46BF-B58A-C52CBE1591B9}.Release|Any CPU.Build.0 = Release|Any CPU
	EndGlobalSection
	GlobalSection(SolutionProperties) = preSolution
		HideSolutionNode = FALSE
	EndGlobalSection
	GlobalSection(ExtensibilityGlobals) = postSolution
		SolutionGuid = {80051132-C48B-4897-9B33-D0B23166B00D}
	EndGlobalSection
EndGlobal
